
Microsoft Visual Studio Solution File, Format Version 12.00
# Visual Studio 15
VisualStudioVersion = 15.0.27703.2035
MinimumVisualStudioVersion = 10.0.40219.1
Project("{9A19103F-16F7-4668-BE54-9A1E7A4F7556}") = "MonoClient", "MonoClient\MonoClient.csproj", "{4C2D6F5A-8C7B-429F-BC82-D95798128F8E}"
EndProject
Global
	GlobalSection(SolutionConfigurationPlatforms) = preSolution
		Debug|Any CPU = Debug|Any CPU
		Release|Any CPU = Release|Any CPU
	EndGlobalSection
	GlobalSection(ProjectConfigurationPlatforms) = postSolution
		{4C2D6F5A-8C7B-429F-BC82-D95798128F8E}.Debug|Any CPU.ActiveCfg = Debug|Any CPU
		{4C2D6F5A-8C7B-429F-BC82-D95798128F8E}.Debug|Any CPU.Build.0 = Debug|Any CPU
		{4C2D6F5A-8C7B-429F-BC82-D95798128F8E}.Release|Any CPU.ActiveCfg = Release|Any CPU
		{4C2D6F5A-8C7B-429F-BC82-D95798128F8E}.Release|Any CPU.Build.0 = Release|Any CPU
	EndGlobalSection
	GlobalSection(SolutionProperties) = preSolution
		HideSolutionNode = FALSE
	EndGlobalSection
	GlobalSection(ExtensibilityGlobals) = postSolution
		SolutionGuid = {B7780C97-33CF-4356-ABA6-D4534C4B0543}
	EndGlobalSection
EndGlobal
